
Microsoft Visual Studio Solution File, Format Version 12.00
# Visual Studio Version 17
VisualStudioVersion = 17.3.32929.385
MinimumVisualStudioVersion = 10.0.40219.1
Project("{9A19103F-16F7-4668-BE54-9A1E7A4F7556}") = "ProblemSolving", "ProblemSolving\ProblemSolving.csproj", "{50F2A536-4BBA-47E2-83B4-DFD455E9B80E}"
EndProject
Project("{9A19103F-16F7-4668-BE54-9A1E7A4F7556}") = "CF_318A", "CF_318A\CF_318A.csproj", "{12A70404-4081-41BA-A2DE-5590AB63FB7A}"
EndProject
Project("{9A19103F-16F7-4668-BE54-9A1E7A4F7556}") = "CF-50A", "CF-50A\CF-50A.csproj", "{B03A417F-D6CB-4D29-A643-1BE292D85D07}"
EndProject
Project("{9A19103F-16F7-4668-BE54-9A1E7A4F7556}") = "CF-59A", "CF-59A\CF-59A.csproj", "{7FA25020-C157-4A40-8A77-AD8351950843}"
EndProject
Project("{9A19103F-16F7-4668-BE54-9A1E7A4F7556}") = "CF-116A", "CF-116A\CF-116A.csproj", "{16B2337C-34B5-4986-8E1B-D610B9197EDF}"
EndProject
Project("{9A19103F-16F7-4668-BE54-9A1E7A4F7556}") = "CF-339A", "CF-339A\CF-339A.csproj", "{BA062B0D-A7A5-4D98-ACDC-A904DDC011E5}"
EndProject
Project("{9A19103F-16F7-4668-BE54-9A1E7A4F7556}") = "CF-58A", "CF-58A\CF-58A.csproj", "{22D4FE30-A6B8-4D55-B8BB-F2865A507ADA}"
EndProject
Project("{9A19103F-16F7-4668-BE54-9A1E7A4F7556}") = "CF-263A", "CF-263A\CF-263A.csproj", "{24F69F44-AEC3-43CA-A46B-EFFFD2037F56}"
EndProject
Project("{9A19103F-16F7-4668-BE54-9A1E7A4F7556}") = "CF-112A", "CF-112A\CF-112A.csproj", "{1D009CF7-37AA-42C8-AADE-EC78F5220DCB}"
EndProject
Project("{9A19103F-16F7-4668-BE54-9A1E7A4F7556}") = "CF_228A", "CF_228A\CF_228A.csproj", "{9212DEF1-9154-4EFA-9275-C91FDF190D02}"
EndProject
Project("{9A19103F-16F7-4668-BE54-9A1E7A4F7556}") = "CF_122A", "CF_122A\CF_122A.csproj", "{CAFB27D0-AD5E-4837-A2BF-29138D3563EB}"
EndProject
Project("{9A19103F-16F7-4668-BE54-9A1E7A4F7556}") = "CF-266A", "CF-266A\CF-266A.csproj", "{6ABB190A-42F9-4EE0-8C97-167549485D61}"
EndProject
Project("{9A19103F-16F7-4668-BE54-9A1E7A4F7556}") = "CF-271A", "CF-271A\CF-271A.csproj", "{791B9620-57FC-4963-9577-8673DAFD1B2C}"
EndProject
Project("{9A19103F-16F7-4668-BE54-9A1E7A4F7556}") = "CF-486A", "CF-486A\CF-486A.csproj", "{EA9553CA-D9E0-4D44-A5D6-FB67C0A71295}"
EndProject
Project("{9A19103F-16F7-4668-BE54-9A1E7A4F7556}") = "CF-705A", "CF-705A\CF-705A.csproj", "{D675BA4F-660E-4769-9FE5-F6F0EC242A73}"
EndProject
Project("{9A19103F-16F7-4668-BE54-9A1E7A4F7556}") = "CF-61A", "CF-61A\CF-61A.csproj", "{7599DC6E-B7CB-4825-9EE4-69C6CE01AEF9}"
EndProject
Project("{9A19103F-16F7-4668-BE54-9A1E7A4F7556}") = "CF-469A", "CF-469A\CF-469A.csproj", "{4983D90C-6CE3-4927-8C16-1522E93BE68D}"
EndProject
Project("{9A19103F-16F7-4668-BE54-9A1E7A4F7556}") = "CF-1328A", "CF-1328A\CF-1328A.csproj", "{FD702586-A497-4E39-9745-08B24EB781E3}"
EndProject
Project("{9A19103F-16F7-4668-BE54-9A1E7A4F7556}") = "CF - 443A", "CF - 443A\CF - 443A.csproj", "{17AF3A2A-8A3C-46AE-976E-2360AF718331}"
EndProject
Project("{9A19103F-16F7-4668-BE54-9A1E7A4F7556}") = "CF-1619A", "CF-1619A\CF-1619A.csproj", "{4061A959-37C6-40E2-BBF7-1BD65BCB56F1}"
EndProject
Project("{9A19103F-16F7-4668-BE54-9A1E7A4F7556}") = "CF - 996A", "CF - 996A\CF - 996A.csproj", "{60E2988A-B6E4-4A45-8B50-875BD5EFD900}"
EndProject
Project("{9A19103F-16F7-4668-BE54-9A1E7A4F7556}") = "CF-1623A", "CF-1623A\CF-1623A.csproj", "{7F775987-422D-41F5-A1D3-6ABD66B931DC}"
EndProject
Project("{9A19103F-16F7-4668-BE54-9A1E7A4F7556}") = "CF-427A", "CF-427A\CF-427A.csproj", "{DEE89D59-892F-4938-A630-D74A35C48B04}"
EndProject
Project("{9A19103F-16F7-4668-BE54-9A1E7A4F7556}") = "CF-268A", "CF-268A\CF-268A.csproj", "{CA1A4878-FFDA-44E0-A353-8F8701F2A505}"
EndProject
Project("{9A19103F-16F7-4668-BE54-9A1E7A4F7556}") = "CF-520A", "CF-520A\CF-520A.csproj", "{D0FC8826-1DC1-4C90-9F79-0B073F29F758}"
EndProject
Project("{9A19103F-16F7-4668-BE54-9A1E7A4F7556}") = "CF-114A", "CF-114A\CF-114A.csproj", "{69BC29F6-CEAE-4C92-8416-76551C2D64D6}"
EndProject
Project("{9A19103F-16F7-4668-BE54-9A1E7A4F7556}") = "CF-1335A", "CF-1335A\CF-1335A.csproj", "{9F383560-A4BA-4E82-8627-093047D65AE2}"
EndProject
Project("{9A19103F-16F7-4668-BE54-9A1E7A4F7556}") = "CF-785A", "CF-785A\CF-785A.csproj", "{7D9541DE-63CC-4B42-A687-68C676FA2A96}"
EndProject
Project("{9A19103F-16F7-4668-BE54-9A1E7A4F7556}") = "CF-510A", "CF-510A\CF-510A.csproj", "{71306DF2-44E7-4757-8EE6-A6E34A9E63AF}"
EndProject
Project("{9A19103F-16F7-4668-BE54-9A1E7A4F7556}") = "CF-155A", "CF-155A\CF-155A.csproj", "{4D0D211F-FE3C-4C26-8DE9-1369D6BD9F27}"
EndProject
Project("{9A19103F-16F7-4668-BE54-9A1E7A4F7556}") = "CF-148A", "CF-148A\CF-148A.csproj", "{E38A29B3-456B-40B7-892F-242F61385538}"
EndProject
Project("{9A19103F-16F7-4668-BE54-9A1E7A4F7556}") = "CF-200B", "CF-200B\CF-200B.csproj", "{0BDB578F-E45F-4213-831B-A6878F6F346E}"
EndProject
Project("{9A19103F-16F7-4668-BE54-9A1E7A4F7556}") = "CF-1621A", "CF-1621A\CF-1621A.csproj", "{1900FE58-F04D-432B-BD9A-DB5F9F6A6F1B}"
EndProject
Project("{9A19103F-16F7-4668-BE54-9A1E7A4F7556}") = "CF-136A", "CF-136A\CF-136A.csproj", "{26D23D1A-53CA-49F2-A385-1296C5174281}"
EndProject
Project("{9A19103F-16F7-4668-BE54-9A1E7A4F7556}") = "CF-581A", "CF-581A\CF-581A.csproj", "{B744F6DF-240E-4EE0-9CF1-EAB18C130CDA}"
EndProject
Project("{9A19103F-16F7-4668-BE54-9A1E7A4F7556}") = "CF-1409A", "CF-1409A\CF-1409A.csproj", "{75A18C96-7D0D-40B0-88ED-D8AFB4E461AC}"
EndProject
Project("{9A19103F-16F7-4668-BE54-9A1E7A4F7556}") = "CF-1352A", "CF-1352A\CF-1352A.csproj", "{E28D1795-A362-4BB1-A88D-AB9145EB19DC}"
EndProject
Project("{9A19103F-16F7-4668-BE54-9A1E7A4F7556}") = "CF-144A", "CF-144A\CF-144A.csproj", "{EBDE93BC-94AE-4545-BA61-D527F6070BB6}"
EndProject
Project("{9A19103F-16F7-4668-BE54-9A1E7A4F7556}") = "CF-1399A", "CF-1399A\CF-1399A.csproj", "{E0317A8B-8162-43D3-B6CE-A6BC8A8C9B1A}"
EndProject
Project("{9A19103F-16F7-4668-BE54-9A1E7A4F7556}") = "CF-1154A", "CF-1154A\CF-1154A.csproj", "{D688E243-0E2D-4DAB-A0B6-ACFE5A9FCDB8}"
EndProject
Project("{9A19103F-16F7-4668-BE54-9A1E7A4F7556}") = "CF-750A", "CF-750A\CF-750A.csproj", "{E8F61B5E-765D-4233-A2F8-3B30F11772C5}"
EndProject
Project("{9A19103F-16F7-4668-BE54-9A1E7A4F7556}") = "CF-472A", "CF-472A\CF-472A.csproj", "{28E57B5B-FA19-45F8-8915-5C46A9BA2E2F}"
EndProject
Project("{9A19103F-16F7-4668-BE54-9A1E7A4F7556}") = "CF-1624A", "CF-1624A\CF-1624A.csproj", "{4129F30C-8653-4C42-AF9D-6EBD055A1428}"
EndProject
Project("{9A19103F-16F7-4668-BE54-9A1E7A4F7556}") = "CF-1624B", "CF - 1624B\CF-1624B.csproj", "{921D02A9-0955-4560-9C02-696F90136FA2}"
EndProject
Project("{9A19103F-16F7-4668-BE54-9A1E7A4F7556}") = "CF-1367A", "CF-1367A\CF-1367A.csproj", "{F0335435-908C-4C5C-893B-08003607BC8D}"
EndProject
Project("{9A19103F-16F7-4668-BE54-9A1E7A4F7556}") = "CF-723A", "CF-723A\CF-723A.csproj", "{5DAAF09F-D055-4CF6-9FDA-1FB553A40EB2}"
EndProject
Project("{9A19103F-16F7-4668-BE54-9A1E7A4F7556}") = "CF-1343B", "CF-1343B\CF-1343B.csproj", "{F99800DE-BDA6-4D78-96AD-6739D4A3958A}"
EndProject
Project("{9A19103F-16F7-4668-BE54-9A1E7A4F7556}") = "CF-732A", "CF-732A\CF-732A.csproj", "{9B1DE413-AB36-4706-BB8B-A9FE498967E3}"
EndProject
Project("{9A19103F-16F7-4668-BE54-9A1E7A4F7556}") = "CF-432A", "CF-432A\CF-432A.csproj", "{2117723E-D55C-4678-AA3A-322A2A1F6AB7}"
EndProject
Project("{9A19103F-16F7-4668-BE54-9A1E7A4F7556}") = "CF-758A", "CF-758A\CF-758A.csproj", "{EB44897C-341C-4B5A-A555-89EE43DB412E}"
EndProject
Project("{9A19103F-16F7-4668-BE54-9A1E7A4F7556}") = "CF-703A", "CF-703A\CF-703A.csproj", "{8916D8CA-E870-4BB9-A09B-0A6A7AD21A2A}"
EndProject
Project("{9A19103F-16F7-4668-BE54-9A1E7A4F7556}") = "CF-1512A", "CF-1512A\CF-1512A.csproj", "{C261473C-008B-435F-83FC-23FB9F42CB44}"
EndProject
Global
	GlobalSection(SolutionConfigurationPlatforms) = preSolution
		Debug|Any CPU = Debug|Any CPU
		Release|Any CPU = Release|Any CPU
	EndGlobalSection
	GlobalSection(ProjectConfigurationPlatforms) = postSolution
		{50F2A536-4BBA-47E2-83B4-DFD455E9B80E}.Debug|Any CPU.ActiveCfg = Debug|Any CPU
		{50F2A536-4BBA-47E2-83B4-DFD455E9B80E}.Debug|Any CPU.Build.0 = Debug|Any CPU
		{50F2A536-4BBA-47E2-83B4-DFD455E9B80E}.Release|Any CPU.ActiveCfg = Release|Any CPU
		{50F2A536-4BBA-47E2-83B4-DFD455E9B80E}.Release|Any CPU.Build.0 = Release|Any CPU
		{12A70404-4081-41BA-A2DE-5590AB63FB7A}.Debug|Any CPU.ActiveCfg = Debug|Any CPU
		{12A70404-4081-41BA-A2DE-5590AB63FB7A}.Debug|Any CPU.Build.0 = Debug|Any CPU
		{12A70404-4081-41BA-A2DE-5590AB63FB7A}.Release|Any CPU.ActiveCfg = Release|Any CPU
		{12A70404-4081-41BA-A2DE-5590AB63FB7A}.Release|Any CPU.Build.0 = Release|Any CPU
		{B03A417F-D6CB-4D29-A643-1BE292D85D07}.Debug|Any CPU.ActiveCfg = Debug|Any CPU
		{B03A417F-D6CB-4D29-A643-1BE292D85D07}.Debug|Any CPU.Build.0 = Debug|Any CPU
		{B03A417F-D6CB-4D29-A643-1BE292D85D07}.Release|Any CPU.ActiveCfg = Release|Any CPU
		{B03A417F-D6CB-4D29-A643-1BE292D85D07}.Release|Any CPU.Build.0 = Release|Any CPU
		{7FA25020-C157-4A40-8A77-AD8351950843}.Debug|Any CPU.ActiveCfg = Debug|Any CPU
		{7FA25020-C157-4A40-8A77-AD8351950843}.Debug|Any CPU.Build.0 = Debug|Any CPU
		{7FA25020-C157-4A40-8A77-AD8351950843}.Release|Any CPU.ActiveCfg = Release|Any CPU
		{7FA25020-C157-4A40-8A77-AD8351950843}.Release|Any CPU.Build.0 = Release|Any CPU
		{16B2337C-34B5-4986-8E1B-D610B9197EDF}.Debug|Any CPU.ActiveCfg = Debug|Any CPU
		{16B2337C-34B5-4986-8E1B-D610B9197EDF}.Debug|Any CPU.Build.0 = Debug|Any CPU
		{16B2337C-34B5-4986-8E1B-D610B9197EDF}.Release|Any CPU.ActiveCfg = Release|Any CPU
		{16B2337C-34B5-4986-8E1B-D610B9197EDF}.Release|Any CPU.Build.0 = Release|Any CPU
		{BA062B0D-A7A5-4D98-ACDC-A904DDC011E5}.Debug|Any CPU.ActiveCfg = Debug|Any CPU
		{BA062B0D-A7A5-4D98-ACDC-A904DDC011E5}.Debug|Any CPU.Build.0 = Debug|Any CPU
		{BA062B0D-A7A5-4D98-ACDC-A904DDC011E5}.Release|Any CPU.ActiveCfg = Release|Any CPU
		{BA062B0D-A7A5-4D98-ACDC-A904DDC011E5}.Release|Any CPU.Build.0 = Release|Any CPU
		{22D4FE30-A6B8-4D55-B8BB-F2865A507ADA}.Debug|Any CPU.ActiveCfg = Debug|Any CPU
		{22D4FE30-A6B8-4D55-B8BB-F2865A507ADA}.Debug|Any CPU.Build.0 = Debug|Any CPU
		{22D4FE30-A6B8-4D55-B8BB-F2865A507ADA}.Release|Any CPU.ActiveCfg = Release|Any CPU
		{22D4FE30-A6B8-4D55-B8BB-F2865A507ADA}.Release|Any CPU.Build.0 = Release|Any CPU
		{24F69F44-AEC3-43CA-A46B-EFFFD2037F56}.Debug|Any CPU.ActiveCfg = Debug|Any CPU
		{24F69F44-AEC3-43CA-A46B-EFFFD2037F56}.Debug|Any CPU.Build.0 = Debug|Any CPU
		{24F69F44-AEC3-43CA-A46B-EFFFD2037F56}.Release|Any CPU.ActiveCfg = Release|Any CPU
		{24F69F44-AEC3-43CA-A46B-EFFFD2037F56}.Release|Any CPU.Build.0 = Release|Any CPU
		{1D009CF7-37AA-42C8-AADE-EC78F5220DCB}.Debug|Any CPU.ActiveCfg = Debug|Any CPU
		{1D009CF7-37AA-42C8-AADE-EC78F5220DCB}.Debug|Any CPU.Build.0 = Debug|Any CPU
		{1D009CF7-37AA-42C8-AADE-EC78F5220DCB}.Release|Any CPU.ActiveCfg = Release|Any CPU
		{1D009CF7-37AA-42C8-AADE-EC78F5220DCB}.Release|Any CPU.Build.0 = Release|Any CPU
		{9212DEF1-9154-4EFA-9275-C91FDF190D02}.Debug|Any CPU.ActiveCfg = Debug|Any CPU
		{9212DEF1-9154-4EFA-9275-C91FDF190D02}.Debug|Any CPU.Build.0 = Debug|Any CPU
		{9212DEF1-9154-4EFA-9275-C91FDF190D02}.Release|Any CPU.ActiveCfg = Release|Any CPU
		{9212DEF1-9154-4EFA-9275-C91FDF190D02}.Release|Any CPU.Build.0 = Release|Any CPU
		{CAFB27D0-AD5E-4837-A2BF-29138D3563EB}.Debug|Any CPU.ActiveCfg = Debug|Any CPU
		{CAFB27D0-AD5E-4837-A2BF-29138D3563EB}.Debug|Any CPU.Build.0 = Debug|Any CPU
		{CAFB27D0-AD5E-4837-A2BF-29138D3563EB}.Release|Any CPU.ActiveCfg = Release|Any CPU
		{CAFB27D0-AD5E-4837-A2BF-29138D3563EB}.Release|Any CPU.Build.0 = Release|Any CPU
		{6ABB190A-42F9-4EE0-8C97-167549485D61}.Debug|Any CPU.ActiveCfg = Debug|Any CPU
		{6ABB190A-42F9-4EE0-8C97-167549485D61}.Debug|Any CPU.Build.0 = Debug|Any CPU
		{6ABB190A-42F9-4EE0-8C97-167549485D61}.Release|Any CPU.ActiveCfg = Release|Any CPU
		{6ABB190A-42F9-4EE0-8C97-167549485D61}.Release|Any CPU.Build.0 = Release|Any CPU
		{791B9620-57FC-4963-9577-8673DAFD1B2C}.Debug|Any CPU.ActiveCfg = Debug|Any CPU
		{791B9620-57FC-4963-9577-8673DAFD1B2C}.Debug|Any CPU.Build.0 = Debug|Any CPU
		{791B9620-57FC-4963-9577-8673DAFD1B2C}.Release|Any CPU.ActiveCfg = Release|Any CPU
		{791B9620-57FC-4963-9577-8673DAFD1B2C}.Release|Any CPU.Build.0 = Release|Any CPU
		{EA9553CA-D9E0-4D44-A5D6-FB67C0A71295}.Debug|Any CPU.ActiveCfg = Debug|Any CPU
		{EA9553CA-D9E0-4D44-A5D6-FB67C0A71295}.Debug|Any CPU.Build.0 = Debug|Any CPU
		{EA9553CA-D9E0-4D44-A5D6-FB67C0A71295}.Release|Any CPU.ActiveCfg = Release|Any CPU
		{EA9553CA-D9E0-4D44-A5D6-FB67C0A71295}.Release|Any CPU.Build.0 = Release|Any CPU
		{D675BA4F-660E-4769-9FE5-F6F0EC242A73}.Debug|Any CPU.ActiveCfg = Debug|Any CPU
		{D675BA4F-660E-4769-9FE5-F6F0EC242A73}.Debug|Any CPU.Build.0 = Debug|Any CPU
		{D675BA4F-660E-4769-9FE5-F6F0EC242A73}.Release|Any CPU.ActiveCfg = Release|Any CPU
		{D675BA4F-660E-4769-9FE5-F6F0EC242A73}.Release|Any CPU.Build.0 = Release|Any CPU
		{7599DC6E-B7CB-4825-9EE4-69C6CE01AEF9}.Debug|Any CPU.ActiveCfg = Debug|Any CPU
		{7599DC6E-B7CB-4825-9EE4-69C6CE01AEF9}.Debug|Any CPU.Build.0 = Debug|Any CPU
		{7599DC6E-B7CB-4825-9EE4-69C6CE01AEF9}.Release|Any CPU.ActiveCfg = Release|Any CPU
		{7599DC6E-B7CB-4825-9EE4-69C6CE01AEF9}.Release|Any CPU.Build.0 = Release|Any CPU
		{4983D90C-6CE3-4927-8C16-1522E93BE68D}.Debug|Any CPU.ActiveCfg = Debug|Any CPU
		{4983D90C-6CE3-4927-8C16-1522E93BE68D}.Debug|Any CPU.Build.0 = Debug|Any CPU
		{4983D90C-6CE3-4927-8C16-1522E93BE68D}.Release|Any CPU.ActiveCfg = Release|Any CPU
		{4983D90C-6CE3-4927-8C16-1522E93BE68D}.Release|Any CPU.Build.0 = Release|Any CPU
		{FD702586-A497-4E39-9745-08B24EB781E3}.Debug|Any CPU.ActiveCfg = Debug|Any CPU
		{FD702586-A497-4E39-9745-08B24EB781E3}.Debug|Any CPU.Build.0 = Debug|Any CPU
		{FD702586-A497-4E39-9745-08B24EB781E3}.Release|Any CPU.ActiveCfg = Release|Any CPU
		{FD702586-A497-4E39-9745-08B24EB781E3}.Release|Any CPU.Build.0 = Release|Any CPU
		{17AF3A2A-8A3C-46AE-976E-2360AF718331}.Debug|Any CPU.ActiveCfg = Debug|Any CPU
		{17AF3A2A-8A3C-46AE-976E-2360AF718331}.Debug|Any CPU.Build.0 = Debug|Any CPU
		{17AF3A2A-8A3C-46AE-976E-2360AF718331}.Release|Any CPU.ActiveCfg = Release|Any CPU
		{17AF3A2A-8A3C-46AE-976E-2360AF718331}.Release|Any CPU.Build.0 = Release|Any CPU
		{4061A959-37C6-40E2-BBF7-1BD65BCB56F1}.Debug|Any CPU.ActiveCfg = Debug|Any CPU
		{4061A959-37C6-40E2-BBF7-1BD65BCB56F1}.Debug|Any CPU.Build.0 = Debug|Any CPU
		{4061A959-37C6-40E2-BBF7-1BD65BCB56F1}.Release|Any CPU.ActiveCfg = Release|Any CPU
		{4061A959-37C6-40E2-BBF7-1BD65BCB56F1}.Release|Any CPU.Build.0 = Release|Any CPU
		{60E2988A-B6E4-4A45-8B50-875BD5EFD900}.Debug|Any CPU.ActiveCfg = Debug|Any CPU
		{60E2988A-B6E4-4A45-8B50-875BD5EFD900}.Debug|Any CPU.Build.0 = Debug|Any CPU
		{60E2988A-B6E4-4A45-8B50-875BD5EFD900}.Release|Any CPU.ActiveCfg = Release|Any CPU
		{60E2988A-B6E4-4A45-8B50-875BD5EFD900}.Release|Any CPU.Build.0 = Release|Any CPU
		{7F775987-422D-41F5-A1D3-6ABD66B931DC}.Debug|Any CPU.ActiveCfg = Debug|Any CPU
		{7F775987-422D-41F5-A1D3-6ABD66B931DC}.Debug|Any CPU.Build.0 = Debug|Any CPU
		{7F775987-422D-41F5-A1D3-6ABD66B931DC}.Release|Any CPU.ActiveCfg = Release|Any CPU
		{7F775987-422D-41F5-A1D3-6ABD66B931DC}.Release|Any CPU.Build.0 = Release|Any CPU
		{DEE89D59-892F-4938-A630-D74A35C48B04}.Debug|Any CPU.ActiveCfg = Debug|Any CPU
		{DEE89D59-892F-4938-A630-D74A35C48B04}.Debug|Any CPU.Build.0 = Debug|Any CPU
		{DEE89D59-892F-4938-A630-D74A35C48B04}.Release|Any CPU.ActiveCfg = Release|Any CPU
		{DEE89D59-892F-4938-A630-D74A35C48B04}.Release|Any CPU.Build.0 = Release|Any CPU
		{CA1A4878-FFDA-44E0-A353-8F8701F2A505}.Debug|Any CPU.ActiveCfg = Debug|Any CPU
		{CA1A4878-FFDA-44E0-A353-8F8701F2A505}.Debug|Any CPU.Build.0 = Debug|Any CPU
		{CA1A4878-FFDA-44E0-A353-8F8701F2A505}.Release|Any CPU.ActiveCfg = Release|Any CPU
		{CA1A4878-FFDA-44E0-A353-8F8701F2A505}.Release|Any CPU.Build.0 = Release|Any CPU
		{D0FC8826-1DC1-4C90-9F79-0B073F29F758}.Debug|Any CPU.ActiveCfg = Debug|Any CPU
		{D0FC8826-1DC1-4C90-9F79-0B073F29F758}.Debug|Any CPU.Build.0 = Debug|Any CPU
		{D0FC8826-1DC1-4C90-9F79-0B073F29F758}.Release|Any CPU.ActiveCfg = Release|Any CPU
		{D0FC8826-1DC1-4C90-9F79-0B073F29F758}.Release|Any CPU.Build.0 = Release|Any CPU
		{69BC29F6-CEAE-4C92-8416-76551C2D64D6}.Debug|Any CPU.ActiveCfg = Debug|Any CPU
		{69BC29F6-CEAE-4C92-8416-76551C2D64D6}.Debug|Any CPU.Build.0 = Debug|Any CPU
		{69BC29F6-CEAE-4C92-8416-76551C2D64D6}.Release|Any CPU.ActiveCfg = Release|Any CPU
		{69BC29F6-CEAE-4C92-8416-76551C2D64D6}.Release|Any CPU.Build.0 = Release|Any CPU
		{9F383560-A4BA-4E82-8627-093047D65AE2}.Debug|Any CPU.ActiveCfg = Debug|Any CPU
		{9F383560-A4BA-4E82-8627-093047D65AE2}.Debug|Any CPU.Build.0 = Debug|Any CPU
		{9F383560-A4BA-4E82-8627-093047D65AE2}.Release|Any CPU.ActiveCfg = Release|Any CPU
		{9F383560-A4BA-4E82-8627-093047D65AE2}.Release|Any CPU.Build.0 = Release|Any CPU
		{7D9541DE-63CC-4B42-A687-68C676FA2A96}.Debug|Any CPU.ActiveCfg = Debug|Any CPU
		{7D9541DE-63CC-4B42-A687-68C676FA2A96}.Debug|Any CPU.Build.0 = Debug|Any CPU
		{7D9541DE-63CC-4B42-A687-68C676FA2A96}.Release|Any CPU.ActiveCfg = Release|Any CPU
		{7D9541DE-63CC-4B42-A687-68C676FA2A96}.Release|Any CPU.Build.0 = Release|Any CPU
		{71306DF2-44E7-4757-8EE6-A6E34A9E63AF}.Debug|Any CPU.ActiveCfg = Debug|Any CPU
		{71306DF2-44E7-4757-8EE6-A6E34A9E63AF}.Debug|Any CPU.Build.0 = Debug|Any CPU
		{71306DF2-44E7-4757-8EE6-A6E34A9E63AF}.Release|Any CPU.ActiveCfg = Release|Any CPU
		{71306DF2-44E7-4757-8EE6-A6E34A9E63AF}.Release|Any CPU.Build.0 = Release|Any CPU
		{4D0D211F-FE3C-4C26-8DE9-1369D6BD9F27}.Debug|Any CPU.ActiveCfg = Debug|Any CPU
		{4D0D211F-FE3C-4C26-8DE9-1369D6BD9F27}.Debug|Any CPU.Build.0 = Debug|Any CPU
		{4D0D211F-FE3C-4C26-8DE9-1369D6BD9F27}.Release|Any CPU.ActiveCfg = Release|Any CPU
		{4D0D211F-FE3C-4C26-8DE9-1369D6BD9F27}.Release|Any CPU.Build.0 = Release|Any CPU
		{E38A29B3-456B-40B7-892F-242F61385538}.Debug|Any CPU.ActiveCfg = Debug|Any CPU
		{E38A29B3-456B-40B7-892F-242F61385538}.Debug|Any CPU.Build.0 = Debug|Any CPU
		{E38A29B3-456B-40B7-892F-242F61385538}.Release|Any CPU.ActiveCfg = Release|Any CPU
		{E38A29B3-456B-40B7-892F-242F61385538}.Release|Any CPU.Build.0 = Release|Any CPU
		{0BDB578F-E45F-4213-831B-A6878F6F346E}.Debug|Any CPU.ActiveCfg = Debug|Any CPU
		{0BDB578F-E45F-4213-831B-A6878F6F346E}.Debug|Any CPU.Build.0 = Debug|Any CPU
		{0BDB578F-E45F-4213-831B-A6878F6F346E}.Release|Any CPU.ActiveCfg = Release|Any CPU
		{0BDB578F-E45F-4213-831B-A6878F6F346E}.Release|Any CPU.Build.0 = Release|Any CPU
		{1900FE58-F04D-432B-BD9A-DB5F9F6A6F1B}.Debug|Any CPU.ActiveCfg = Debug|Any CPU
		{1900FE58-F04D-432B-BD9A-DB5F9F6A6F1B}.Debug|Any CPU.Build.0 = Debug|Any CPU
		{1900FE58-F04D-432B-BD9A-DB5F9F6A6F1B}.Release|Any CPU.ActiveCfg = Release|Any CPU
		{1900FE58-F04D-432B-BD9A-DB5F9F6A6F1B}.Release|Any CPU.Build.0 = Release|Any CPU
		{26D23D1A-53CA-49F2-A385-1296C5174281}.Debug|Any CPU.ActiveCfg = Debug|Any CPU
		{26D23D1A-53CA-49F2-A385-1296C5174281}.Debug|Any CPU.Build.0 = Debug|Any CPU
		{26D23D1A-53CA-49F2-A385-1296C5174281}.Release|Any CPU.ActiveCfg = Release|Any CPU
		{26D23D1A-53CA-49F2-A385-1296C5174281}.Release|Any CPU.Build.0 = Release|Any CPU
		{B744F6DF-240E-4EE0-9CF1-EAB18C130CDA}.Debug|Any CPU.ActiveCfg = Debug|Any CPU
		{B744F6DF-240E-4EE0-9CF1-EAB18C130CDA}.Debug|Any CPU.Build.0 = Debug|Any CPU
		{B744F6DF-240E-4EE0-9CF1-EAB18C130CDA}.Release|Any CPU.ActiveCfg = Release|Any CPU
		{B744F6DF-240E-4EE0-9CF1-EAB18C130CDA}.Release|Any CPU.Build.0 = Release|Any CPU
		{75A18C96-7D0D-40B0-88ED-D8AFB4E461AC}.Debug|Any CPU.ActiveCfg = Debug|Any CPU
		{75A18C96-7D0D-40B0-88ED-D8AFB4E461AC}.Debug|Any CPU.Build.0 = Debug|Any CPU
		{75A18C96-7D0D-40B0-88ED-D8AFB4E461AC}.Release|Any CPU.ActiveCfg = Release|Any CPU
		{75A18C96-7D0D-40B0-88ED-D8AFB4E461AC}.Release|Any CPU.Build.0 = Release|Any CPU
		{E28D1795-A362-4BB1-A88D-AB9145EB19DC}.Debug|Any CPU.ActiveCfg = Debug|Any CPU
		{E28D1795-A362-4BB1-A88D-AB9145EB19DC}.Debug|Any CPU.Build.0 = Debug|Any CPU
		{E28D1795-A362-4BB1-A88D-AB9145EB19DC}.Release|Any CPU.ActiveCfg = Release|Any CPU
		{E28D1795-A362-4BB1-A88D-AB9145EB19DC}.Release|Any CPU.Build.0 = Release|Any CPU
		{EBDE93BC-94AE-4545-BA61-D527F6070BB6}.Debug|Any CPU.ActiveCfg = Debug|Any CPU
		{EBDE93BC-94AE-4545-BA61-D527F6070BB6}.Debug|Any CPU.Build.0 = Debug|Any CPU
		{EBDE93BC-94AE-4545-BA61-D527F6070BB6}.Release|Any CPU.ActiveCfg = Release|Any CPU
		{EBDE93BC-94AE-4545-BA61-D527F6070BB6}.Release|Any CPU.Build.0 = Release|Any CPU
		{E0317A8B-8162-43D3-B6CE-A6BC8A8C9B1A}.Debug|Any CPU.ActiveCfg = Debug|Any CPU
		{E0317A8B-8162-43D3-B6CE-A6BC8A8C9B1A}.Debug|Any CPU.Build.0 = Debug|Any CPU
		{E0317A8B-8162-43D3-B6CE-A6BC8A8C9B1A}.Release|Any CPU.ActiveCfg = Release|Any CPU
		{E0317A8B-8162-43D3-B6CE-A6BC8A8C9B1A}.Release|Any CPU.Build.0 = Release|Any CPU
		{D688E243-0E2D-4DAB-A0B6-ACFE5A9FCDB8}.Debug|Any CPU.ActiveCfg = Debug|Any CPU
		{D688E243-0E2D-4DAB-A0B6-ACFE5A9FCDB8}.Debug|Any CPU.Build.0 = Debug|Any CPU
		{D688E243-0E2D-4DAB-A0B6-ACFE5A9FCDB8}.Release|Any CPU.ActiveCfg = Release|Any CPU
		{D688E243-0E2D-4DAB-A0B6-ACFE5A9FCDB8}.Release|Any CPU.Build.0 = Release|Any CPU
		{E8F61B5E-765D-4233-A2F8-3B30F11772C5}.Debug|Any CPU.ActiveCfg = Debug|Any CPU
		{E8F61B5E-765D-4233-A2F8-3B30F11772C5}.Debug|Any CPU.Build.0 = Debug|Any CPU
		{E8F61B5E-765D-4233-A2F8-3B30F11772C5}.Release|Any CPU.ActiveCfg = Release|Any CPU
		{E8F61B5E-765D-4233-A2F8-3B30F11772C5}.Release|Any CPU.Build.0 = Release|Any CPU
		{28E57B5B-FA19-45F8-8915-5C46A9BA2E2F}.Debug|Any CPU.ActiveCfg = Debug|Any CPU
		{28E57B5B-FA19-45F8-8915-5C46A9BA2E2F}.Debug|Any CPU.Build.0 = Debug|Any CPU
		{28E57B5B-FA19-45F8-8915-5C46A9BA2E2F}.Release|Any CPU.ActiveCfg = Release|Any CPU
		{28E57B5B-FA19-45F8-8915-5C46A9BA2E2F}.Release|Any CPU.Build.0 = Release|Any CPU
		{4129F30C-8653-4C42-AF9D-6EBD055A1428}.Debug|Any CPU.ActiveCfg = Debug|Any CPU
		{4129F30C-8653-4C42-AF9D-6EBD055A1428}.Debug|Any CPU.Build.0 = Debug|Any CPU
		{4129F30C-8653-4C42-AF9D-6EBD055A1428}.Release|Any CPU.ActiveCfg = Release|Any CPU
		{4129F30C-8653-4C42-AF9D-6EBD055A1428}.Release|Any CPU.Build.0 = Release|Any CPU
		{921D02A9-0955-4560-9C02-696F90136FA2}.Debug|Any CPU.ActiveCfg = Debug|Any CPU
		{921D02A9-0955-4560-9C02-696F90136FA2}.Debug|Any CPU.Build.0 = Debug|Any CPU
		{921D02A9-0955-4560-9C02-696F90136FA2}.Release|Any CPU.ActiveCfg = Release|Any CPU
		{921D02A9-0955-4560-9C02-696F90136FA2}.Release|Any CPU.Build.0 = Release|Any CPU
		{F0335435-908C-4C5C-893B-08003607BC8D}.Debug|Any CPU.ActiveCfg = Debug|Any CPU
		{F0335435-908C-4C5C-893B-08003607BC8D}.Debug|Any CPU.Build.0 = Debug|Any CPU
		{F0335435-908C-4C5C-893B-08003607BC8D}.Release|Any CPU.ActiveCfg = Release|Any CPU
		{F0335435-908C-4C5C-893B-08003607BC8D}.Release|Any CPU.Build.0 = Release|Any CPU
		{5DAAF09F-D055-4CF6-9FDA-1FB553A40EB2}.Debug|Any CPU.ActiveCfg = Debug|Any CPU
		{5DAAF09F-D055-4CF6-9FDA-1FB553A40EB2}.Debug|Any CPU.Build.0 = Debug|Any CPU
		{5DAAF09F-D055-4CF6-9FDA-1FB553A40EB2}.Release|Any CPU.ActiveCfg = Release|Any CPU
		{5DAAF09F-D055-4CF6-9FDA-1FB553A40EB2}.Release|Any CPU.Build.0 = Release|Any CPU
		{F99800DE-BDA6-4D78-96AD-6739D4A3958A}.Debug|Any CPU.ActiveCfg = Debug|Any CPU
		{F99800DE-BDA6-4D78-96AD-6739D4A3958A}.Debug|Any CPU.Build.0 = Debug|Any CPU
		{F99800DE-BDA6-4D78-96AD-6739D4A3958A}.Release|Any CPU.ActiveCfg = Release|Any CPU
		{F99800DE-BDA6-4D78-96AD-6739D4A3958A}.Release|Any CPU.Build.0 = Release|Any CPU
		{9B1DE413-AB36-4706-BB8B-A9FE498967E3}.Debug|Any CPU.ActiveCfg = Debug|Any CPU
		{9B1DE413-AB36-4706-BB8B-A9FE498967E3}.Debug|Any CPU.Build.0 = Debug|Any CPU
		{9B1DE413-AB36-4706-BB8B-A9FE498967E3}.Release|Any CPU.ActiveCfg = Release|Any CPU
		{9B1DE413-AB36-4706-BB8B-A9FE498967E3}.Release|Any CPU.Build.0 = Release|Any CPU
		{2117723E-D55C-4678-AA3A-322A2A1F6AB7}.Debug|Any CPU.ActiveCfg = Debug|Any CPU
		{2117723E-D55C-4678-AA3A-322A2A1F6AB7}.Debug|Any CPU.Build.0 = Debug|Any CPU
		{2117723E-D55C-4678-AA3A-322A2A1F6AB7}.Release|Any CPU.ActiveCfg = Release|Any CPU
		{2117723E-D55C-4678-AA3A-322A2A1F6AB7}.Release|Any CPU.Build.0 = Release|Any CPU
		{EB44897C-341C-4B5A-A555-89EE43DB412E}.Debug|Any CPU.ActiveCfg = Debug|Any CPU
		{EB44897C-341C-4B5A-A555-89EE43DB412E}.Debug|Any CPU.Build.0 = Debug|Any CPU
		{EB44897C-341C-4B5A-A555-89EE43DB412E}.Release|Any CPU.ActiveCfg = Release|Any CPU
		{EB44897C-341C-4B5A-A555-89EE43DB412E}.Release|Any CPU.Build.0 = Release|Any CPU
		{8916D8CA-E870-4BB9-A09B-0A6A7AD21A2A}.Debug|Any CPU.ActiveCfg = Debug|Any CPU
		{8916D8CA-E870-4BB9-A09B-0A6A7AD21A2A}.Debug|Any CPU.Build.0 = Debug|Any CPU
		{8916D8CA-E870-4BB9-A09B-0A6A7AD21A2A}.Release|Any CPU.ActiveCfg = Release|Any CPU
		{8916D8CA-E870-4BB9-A09B-0A6A7AD21A2A}.Release|Any CPU.Build.0 = Release|Any CPU
		{C261473C-008B-435F-83FC-23FB9F42CB44}.Debug|Any CPU.ActiveCfg = Debug|Any CPU
		{C261473C-008B-435F-83FC-23FB9F42CB44}.Debug|Any CPU.Build.0 = Debug|Any CPU
		{C261473C-008B-435F-83FC-23FB9F42CB44}.Release|Any CPU.ActiveCfg = Release|Any CPU
		{C261473C-008B-435F-83FC-23FB9F42CB44}.Release|Any CPU.Build.0 = Release|Any CPU
	EndGlobalSection
	GlobalSection(SolutionProperties) = preSolution
		HideSolutionNode = FALSE
	EndGlobalSection
	GlobalSection(ExtensibilityGlobals) = postSolution
		SolutionGuid = {3A8C3C59-1AA2-45E3-8CF1-5F02C5654217}
	EndGlobalSection
EndGlobal
